Microsoft Visual Studio Solution File, Format Version 12.00
# Visual Studio Version 17
VisualStudioVersion = 17.5.2.0
MinimumVisualStudioVersion = 10.0.40219.1
Project("{FAE04EC0-301F-11D3-BF4B-00C04F79EFBC}") = "learnify.ai.api", "learnify.ai.api.csproj", "{A10F900E-881E-FBE0-6FC8-E577226F2E6F}"
EndProject
Global
	GlobalSection(SolutionConfigurationPlatforms) = preSolution
		Debug|Any CPU = Debug|Any CPU
		Release|Any CPU = Release|Any CPU
	EndGlobalSection
	GlobalSection(ProjectConfigurationPlatforms) = postSolution
		{A10F900E-881E-FBE0-6FC8-E577226F2E6F}.Debug|Any CPU.ActiveCfg = Debug|Any CPU
		{A10F900E-881E-FBE0-6FC8-E577226F2E6F}.Debug|Any CPU.Build.0 = Debug|Any CPU
		{A10F900E-881E-FBE0-6FC8-E577226F2E6F}.Release|Any CPU.ActiveCfg = Release|Any CPU
		{A10F900E-881E-FBE0-6FC8-E577226F2E6F}.Release|Any CPU.Build.0 = Release|Any CPU
	EndGlobalSection
	GlobalSection(SolutionProperties) = preSolution
		HideSolutionNode = FALSE
	EndGlobalSection
	GlobalSection(ExtensibilityGlobals) = postSolution
		SolutionGuid = {6039F837-0C9C-402A-9DA7-8076960D9E0E}
	EndGlobalSection
EndGlobal
